hash: 1fa76b14cb8544a838c7233c999bad42a07f12df9b4f23c2da74cf54489bddf5
updated: 2016-04-05T19:31:05.643529023-07:00
imports:
- name: github.com/codahale/hdrhistogram
  version: 360314142131c2043d1346f197f86435b287c6da
- name: github.com/uber-common/cpustat
  version: 59c41890705c8647cfb2a8fdaf83c43575322955
  subpackages:
  - lib
- name: github.com/uber/tchannel-go
  version: 3e3e53962cc103863e644ac84dcda5169ead0467
  subpackages:
  - raw
  - atomic
  - tnet
  - typed
- name: golang.org/x/net
  version: 6c89489cafabcbc76df9dbf84ebf07204673fecf
  subpackages:
  - context
devImports: []
